
Microsoft Visual Studio Solution File, Format Version 12.00
# Visual Studio 15
VisualStudioVersion = 15.0.27428.2037
MinimumVisualStudioVersion = 10.0.40219.1
Project("{FAE04EC0-301F-11D3-BF4B-00C04F79EFBC}") = "LibraryProject", "LibraryProject\LibraryProject.csproj", "{62D5CDCF-15F0-40A4-9B52-908E335BE531}"
EndProject
Project("{FAE04EC0-301F-11D3-BF4B-00C04F79EFBC}") = "DataProject", "DataProject\DataProject.csproj", "{FE5C522A-6BCE-453F-BEE8-D60F01B64B8B}"
EndProject
Project("{FAE04EC0-301F-11D3-BF4B-00C04F79EFBC}") = "Project1Test", "Project1Test\Project1Test.csproj", "{9B8CDA75-091A-49E4-81AF-EA5F2FC0BCA2}"
EndProject
Project("{FAE04EC0-301F-11D3-BF4B-00C04F79EFBC}") = "RestaurantReviewWebsite", "RestaurantReviewWebsite\RestaurantReviewWebsite.csproj", "{B07C69A6-60F8-4CAE-AD37-63B7B58F17D3}"
EndProject
Project("{FAE04EC0-301F-11D3-BF4B-00C04F79EFBC}") = "RestaurantReviewWebsite.Tests", "RestaurantReviewWebsite.Tests\RestaurantReviewWebsite.Tests.csproj", "{1906FD02-BCE5-4610-986F-54D76A769C96}"
EndProject
Global
	GlobalSection(SolutionConfigurationPlatforms) = preSolution
		Debug|Any CPU = Debug|Any CPU
		Release|Any CPU = Release|Any CPU
	EndGlobalSection
	GlobalSection(ProjectConfigurationPlatforms) = postSolution
		{62D5CDCF-15F0-40A4-9B52-908E335BE531}.Debug|Any CPU.ActiveCfg = Debug|Any CPU
		{62D5CDCF-15F0-40A4-9B52-908E335BE531}.Debug|Any CPU.Build.0 = Debug|Any CPU
		{62D5CDCF-15F0-40A4-9B52-908E335BE531}.Release|Any CPU.ActiveCfg = Release|Any CPU
		{62D5CDCF-15F0-40A4-9B52-908E335BE531}.Release|Any CPU.Build.0 = Release|Any CPU
		{FE5C522A-6BCE-453F-BEE8-D60F01B64B8B}.Debug|Any CPU.ActiveCfg = Debug|Any CPU
		{FE5C522A-6BCE-453F-BEE8-D60F01B64B8B}.Debug|Any CPU.Build.0 = Debug|Any CPU
		{FE5C522A-6BCE-453F-BEE8-D60F01B64B8B}.Release|Any CPU.ActiveCfg = Release|Any CPU
		{FE5C522A-6BCE-453F-BEE8-D60F01B64B8B}.Release|Any CPU.Build.0 = Release|Any CPU
		{9B8CDA75-091A-49E4-81AF-EA5F2FC0BCA2}.Debug|Any CPU.ActiveCfg = Debug|Any CPU
		{9B8CDA75-091A-49E4-81AF-EA5F2FC0BCA2}.Debug|Any CPU.Build.0 = Debug|Any CPU
		{9B8CDA75-091A-49E4-81AF-EA5F2FC0BCA2}.Release|Any CPU.ActiveCfg = Release|Any CPU
		{9B8CDA75-091A-49E4-81AF-EA5F2FC0BCA2}.Release|Any CPU.Build.0 = Release|Any CPU
		{B07C69A6-60F8-4CAE-AD37-63B7B58F17D3}.Debug|Any CPU.ActiveCfg = Debug|Any CPU
		{B07C69A6-60F8-4CAE-AD37-63B7B58F17D3}.Debug|Any CPU.Build.0 = Debug|Any CPU
		{B07C69A6-60F8-4CAE-AD37-63B7B58F17D3}.Release|Any CPU.ActiveCfg = Release|Any CPU
		{B07C69A6-60F8-4CAE-AD37-63B7B58F17D3}.Release|Any CPU.Build.0 = Release|Any CPU
		{1906FD02-BCE5-4610-986F-54D76A769C96}.Debug|Any CPU.ActiveCfg = Debug|Any CPU
		{1906FD02-BCE5-4610-986F-54D76A769C96}.Debug|Any CPU.Build.0 = Debug|Any CPU
		{1906FD02-BCE5-4610-986F-54D76A769C96}.Release|Any CPU.ActiveCfg = Release|Any CPU
		{1906FD02-BCE5-4610-986F-54D76A769C96}.Release|Any CPU.Build.0 = Release|Any CPU
	EndGlobalSection
	GlobalSection(SolutionProperties) = preSolution
		HideSolutionNode = FALSE
	EndGlobalSection
	GlobalSection(ExtensibilityGlobals) = postSolution
		SolutionGuid = {18AA5770-F070-4D6D-9172-06C1A19FB2D7}
	EndGlobalSection
EndGlobal
